dependencies:
- name: mysql
  repository: file://../../oai-5g-core/mysql
  version: 9.0.1
- name: oai-nrf
  repository: file://../../oai-5g-core/oai-nrf
  version: v2.1.0
- name: oai-udr
  repository: file://../../oai-5g-core/oai-udr
  version: v2.1.0
- name: oai-udm
  repository: file://../../oai-5g-core/oai-udm
  version: v2.1.0
- name: oai-ausf
  repository: file://../../oai-5g-core/oai-ausf
  version: v2.1.0
- name: oai-amf
  repository: file://../../oai-5g-core/oai-amf
  version: v2.1.0
- name: oai-smf
  repository: file://../../oai-5g-core/oai-smf
  version: v2.1.0
- name: oai-upf
  repository: file://../../oai-5g-core/oai-upf
  version: v2.1.0
- name: oai-cu
  repository: file://../../oai-5g-ran/oai-cu
  version: 2.1.0
- name: oai-du
  repository: file://../../oai-5g-ran/oai-du
  version: 2.1.0
- name: oai-nr-ue-00
  repository: file://../../oai-5g-ran/oai-nr-ue-00
  version: 2.1.0
- name: oai-nr-ue-01
  repository: file://../../oai-5g-ran/oai-nr-ue-01
  version: 2.1.0
- name: oai-traffic-server
  repository: file://../../oai-5g-core/oai-traffic-server
  version: v1
digest: sha256:694191da7cefa89a4dcbe25d126f67181d72b825a73639cfd2f322c6d71df5d9
generated: "2025-06-02T12:38:17.371139901+08:00"
